// !$*UTF8*$!
{
	archiveVersion = 1;
	classes = {
	};
	objectVersion = 77;
	objects = {

/* Begin PBXBuildFile section */
		5690D40520BC8634A23903F6 /* Pods_Pinjaman.framework in Frameworks */ = {isa = PBXBuildFile; fileRef = D095250D029524EE4447247C /* Pods_Pinjaman.framework */; };
		73185B032F2744C8009C994E /* AppDelegate.swift in Sources */ = {isa = PBXBuildFile; fileRef = 73185AF92F2744C8009C994E /* AppDelegate.swift */; };
		73185B062F2744C8009C994E /* Assets.xcassets in Resources */ = {isa = PBXBuildFile; fileRef = 73185AFA2F2744C8009C994E /* Assets.xcassets */; };
		73185B082F2744C8009C994E /* LaunchScreen.storyboard in Resources */ = {isa = PBXBuildFile; fileRef = 73185AFD2F2744C8009C994E /* LaunchScreen.storyboard */; };
		73185B142F2745A8009C994E /* BaseViewController.swift in Sources */ = {isa = PBXBuildFile; fileRef = 73185B132F2745A8009C994E /* BaseViewController.swift */; };
		73185B162F2745DD009C994E /* BaseTabBarController.swift in Sources */ = {isa = PBXBuildFile; fileRef = 73185B152F2745DD009C994E /* BaseTabBarController.swift */; };
		73185B182F2745FC009C994E /* BaseNavigationController.swift in Sources */ = {isa = PBXBuildFile; fileRef = 73185B172F2745FC009C994E /* BaseNavigationController.swift */; };
		73185B1A2F274617009C994E /* StartViewController.swift in Sources */ = {isa = PBXBuildFile; fileRef = 73185B192F274617009C994E /* StartViewController.swift */; };
		73185B1C2F274DBF009C994E /* NetworkMonitor.swift in Sources */ = {isa = PBXBuildFile; fileRef = 73185B1B2F274DBF009C994E /* NetworkMonitor.swift */; };
		739A91F82F279DFD00D94E4A /* BaseModel.swift in Sources */ = {isa = PBXBuildFile; fileRef = 739A91F72F279DF800D94E4A /* BaseModel.swift */; };
		739A91FA2F279ED900D94E4A /* NetworkManager.swift in Sources */ = {isa = PBXBuildFile; fileRef = 739A91F92F279ED900D94E4A /* NetworkManager.swift */; };
		739A91FC2F27A04700D94E4A /* DeviceInspector.swift in Sources */ = {isa = PBXBuildFile; fileRef = 739A91FB2F27A04700D94E4A /* DeviceInspector.swift */; };
		739A91FE2F27A0E800D94E4A /* SecurityVault.swift in Sources */ = {isa = PBXBuildFile; fileRef = 739A91FD2F27A0E800D94E4A /* SecurityVault.swift */; };
		739A92002F27A10800D94E4A /* DeviceProfile.swift in Sources */ = {isa = PBXBuildFile; fileRef = 739A91FF2F27A10800D94E4A /* DeviceProfile.swift */; };
		739A92022F27A3AB00D94E4A /* LoadingView.swift in Sources */ = {isa = PBXBuildFile; fileRef = 739A92012F27A3AB00D94E4A /* LoadingView.swift */; };
		739A92042F27A3CB00D94E4A /* StartViewModel.swift in Sources */ = {isa = PBXBuildFile; fileRef = 739A92032F27A3C300D94E4A /* StartViewModel.swift */; };
		739A92062F27A77000D94E4A /* HomeViewController.swift in Sources */ = {isa = PBXBuildFile; fileRef = 739A92052F27A77000D94E4A /* HomeViewController.swift */; };
		739A92082F27A77800D94E4A /* OrderViewController.swift in Sources */ = {isa = PBXBuildFile; fileRef = 739A92072F27A77800D94E4A /* OrderViewController.swift */; };
		739A920A2F27A78200D94E4A /* CenterViewController.swift in Sources */ = {isa = PBXBuildFile; fileRef = 739A92092F27A78200D94E4A /* CenterViewController.swift */; };
		739A920C2F27AA7800D94E4A /* UserManager.swift in Sources */ = {isa = PBXBuildFile; fileRef = 739A920B2F27AA7800D94E4A /* UserManager.swift */; };
		739A92102F27AAD600D94E4A /* LoginViewController.swift in Sources */ = {isa = PBXBuildFile; fileRef = 739A920F2F27AAD600D94E4A /* LoginViewController.swift */; };
		739A92122F27ABF500D94E4A /* LanguageType.swift in Sources */ = {isa = PBXBuildFile; fileRef = 739A92112F27ABF500D94E4A /* LanguageType.swift */; };
		739A92152F27ACD700D94E4A /* Localizable.strings in Resources */ = {isa = PBXBuildFile; fileRef = 739A92132F27ACD700D94E4A /* Localizable.strings */; };
		739A92192F27AE0200D94E4A /* LoginView.swift in Sources */ = {isa = PBXBuildFile; fileRef = 739A92182F27AE0200D94E4A /* LoginView.swift */; };
		739A921B2F27AE0F00D94E4A /* BaseView.swift in Sources */ = {isa = PBXBuildFile; fileRef = 739A921A2F27AE0F00D94E4A /* BaseView.swift */; };
		739A921D2F27AE8C00D94E4A /* ToastManager.swift in Sources */ = {isa = PBXBuildFile; fileRef = 739A921C2F27AE8C00D94E4A /* ToastManager.swift */; };
		739A921F2F27BD1D00D94E4A /* LoginViewModel.swift in Sources */ = {isa = PBXBuildFile; fileRef = 739A921E2F27BD1A00D94E4A /* LoginViewModel.swift */; };
		73C501072F285A800093242A /* OneHomeView.swift in Sources */ = {isa = PBXBuildFile; fileRef = 73C501062F285A800093242A /* OneHomeView.swift */; };
		73C501092F285A890093242A /* TwoHomeView.swift in Sources */ = {isa = PBXBuildFile; fileRef = 73C501082F285A890093242A /* TwoHomeView.swift */; };
		73C5010B2F2865870093242A /* HomeViewModel.swift in Sources */ = {isa = PBXBuildFile; fileRef = 73C5010A2F2865840093242A /* HomeViewModel.swift */; };
		73C5010D2F286CD90093242A /* HomRateView.swift in Sources */ = {isa = PBXBuildFile; fileRef = 73C5010C2F286CD90093242A /* HomRateView.swift */; };
		73C5010F2F287E8B0093242A /* MeCenterView.swift in Sources */ = {isa = PBXBuildFile; fileRef = 73C5010E2F287E8B0093242A /* MeCenterView.swift */; };
		73EB77262F2883C00058A81C /* CenterViewModel.swift in Sources */ = {isa = PBXBuildFile; fileRef = 73EB77252F2883BA0058A81C /* CenterViewModel.swift */; };
		73EB77282F2885AB0058A81C /* CenterListView.swift in Sources */ = {isa = PBXBuildFile; fileRef = 73EB77272F2885AB0058A81C /* CenterListView.swift */; };
		73EB772A2F2890F30058A81C /* CenterClickListView.swift in Sources */ = {isa = PBXBuildFile; fileRef = 73EB77292F2890F30058A81C /* CenterClickListView.swift */; };
		73EB772C2F2896820058A81C /* AppHeadView.swift in Sources */ = {isa = PBXBuildFile; fileRef = 73EB772B2F2896820058A81C /* AppHeadView.swift */; };
		73EB77312F2898790058A81C /* SettingsViewController.swift in Sources */ = {isa = PBXBuildFile; fileRef = 73EB77302F2898790058A81C /* SettingsViewController.swift */; };
		73EB77332F28A0520058A81C /* DeepLinkTarget.swift in Sources */ = {isa = PBXBuildFile; fileRef = 73EB77322F28A0520058A81C /* DeepLinkTarget.swift */; };
/* End PBXBuildFile section */

/* Begin PBXFileReference section */
		3E2E121427409E7B275A8B48 /* Pods-Pinjaman.debug.xcconfig */ = {isa = PBXFileReference; includeInIndex = 1; lastKnownFileType = text.xcconfig; name = "Pods-Pinjaman.debug.xcconfig"; path = "Target Support Files/Pods-Pinjaman/Pods-Pinjaman.debug.xcconfig"; sourceTree = "<group>"; };
		4FC02256C0DE50AB12B9E226 /* Pods-Pinjaman.release.xcconfig */ = {isa = PBXFileReference; includeInIndex = 1; lastKnownFileType = text.xcconfig; name = "Pods-Pinjaman.release.xcconfig"; path = "Target Support Files/Pods-Pinjaman/Pods-Pinjaman.release.xcconfig"; sourceTree = "<group>"; };
		73185AE12F2744C2009C994E /* Pinjaman.app */ = {isa = PBXFileReference; explicitFileType = wrapper.application; includeInIndex = 0; path = Pinjaman.app; sourceTree = BUILT_PRODUCTS_DIR; };
		73185AF92F2744C8009C994E /* AppDelegate.swift */ = {isa = PBXFileReference; lastKnownFileType = sourcecode.swift; path = AppDelegate.swift; sourceTree = "<group>"; };
		73185AFA2F2744C8009C994E /* Assets.xcassets */ = {isa = PBXFileReference; lastKnownFileType = folder.assetcatalog; path = Assets.xcassets; sourceTree = "<group>"; };
		73185AFB2F2744C8009C994E /* Info.plist */ = {isa = PBXFileReference; lastKnownFileType = text.plist.xml; path = Info.plist; sourceTree = "<group>"; };
		73185AFC2F2744C8009C994E /* Base */ = {isa = PBXFileReference; lastKnownFileType = file.storyboard; name = Base; path = Base.lproj/LaunchScreen.storyboard; sourceTree = "<group>"; };
		73185B132F2745A8009C994E /* BaseViewController.swift */ = {isa = PBXFileReference; lastKnownFileType = sourcecode.swift; path = BaseViewController.swift; sourceTree = "<group>"; };
		73185B152F2745DD009C994E /* BaseTabBarController.swift */ = {isa = PBXFileReference; lastKnownFileType = sourcecode.swift; path = BaseTabBarController.swift; sourceTree = "<group>"; };
		73185B172F2745FC009C994E /* BaseNavigationController.swift */ = {isa = PBXFileReference; lastKnownFileType = sourcecode.swift; path = BaseNavigationController.swift; sourceTree = "<group>"; };
		73185B192F274617009C994E /* StartViewController.swift */ = {isa = PBXFileReference; lastKnownFileType = sourcecode.swift; path = StartViewController.swift; sourceTree = "<group>"; };
		73185B1B2F274DBF009C994E /* NetworkMonitor.swift */ = {isa = PBXFileReference; lastKnownFileType = sourcecode.swift; path = NetworkMonitor.swift; sourceTree = "<group>"; };
		739A91F72F279DF800D94E4A /* BaseModel.swift */ = {isa = PBXFileReference; lastKnownFileType = sourcecode.swift; path = BaseModel.swift; sourceTree = "<group>"; };
		739A91F92F279ED900D94E4A /* NetworkManager.swift */ = {isa = PBXFileReference; lastKnownFileType = sourcecode.swift; path = NetworkManager.swift; sourceTree = "<group>"; };
		739A91FB2F27A04700D94E4A /* DeviceInspector.swift */ = {isa = PBXFileReference; lastKnownFileType = sourcecode.swift; path = DeviceInspector.swift; sourceTree = "<group>"; };
		739A91FD2F27A0E800D94E4A /* SecurityVault.swift */ = {isa = PBXFileReference; lastKnownFileType = sourcecode.swift; path = SecurityVault.swift; sourceTree = "<group>"; };
		739A91FF2F27A10800D94E4A /* DeviceProfile.swift */ = {isa = PBXFileReference; lastKnownFileType = sourcecode.swift; path = DeviceProfile.swift; sourceTree = "<group>"; };
		739A92012F27A3AB00D94E4A /* LoadingView.swift */ = {isa = PBXFileReference; lastKnownFileType = sourcecode.swift; path = LoadingView.swift; sourceTree = "<group>"; };
		739A92032F27A3C300D94E4A /* StartViewModel.swift */ = {isa = PBXFileReference; lastKnownFileType = sourcecode.swift; path = StartViewModel.swift; sourceTree = "<group>"; };
		739A92052F27A77000D94E4A /* HomeViewController.swift */ = {isa = PBXFileReference; lastKnownFileType = sourcecode.swift; path = HomeViewController.swift; sourceTree = "<group>"; };
		739A92072F27A77800D94E4A /* OrderViewController.swift */ = {isa = PBXFileReference; lastKnownFileType = sourcecode.swift; path = OrderViewController.swift; sourceTree = "<group>"; };
		739A92092F27A78200D94E4A /* CenterViewController.swift */ = {isa = PBXFileReference; lastKnownFileType = sourcecode.swift; path = CenterViewController.swift; sourceTree = "<group>"; };
		739A920B2F27AA7800D94E4A /* UserManager.swift */ = {isa = PBXFileReference; lastKnownFileType = sourcecode.swift; path = UserManager.swift; sourceTree = "<group>"; };
		739A920F2F27AAD600D94E4A /* LoginViewController.swift */ = {isa = PBXFileReference; lastKnownFileType = sourcecode.swift; path = LoginViewController.swift; sourceTree = "<group>"; };
		739A92112F27ABF500D94E4A /* LanguageType.swift */ = {isa = PBXFileReference; lastKnownFileType = sourcecode.swift; path = LanguageType.swift; sourceTree = "<group>"; };
		739A92142F27ACD700D94E4A /* en */ = {isa = PBXFileReference; lastKnownFileType = text.plist.strings; name = en; path = en.lproj/Localizable.strings; sourceTree = "<group>"; };
		739A92162F27ACEB00D94E4A /* id */ = {isa = PBXFileReference; lastKnownFileType = text.plist.strings; name = id; path = id.lproj/LaunchScreen.strings; sourceTree = "<group>"; };
		739A92172F27ACEC00D94E4A /* id */ = {isa = PBXFileReference; lastKnownFileType = text.plist.strings; name = id; path = id.lproj/Localizable.strings; sourceTree = "<group>"; };
		739A92182F27AE0200D94E4A /* LoginView.swift */ = {isa = PBXFileReference; lastKnownFileType = sourcecode.swift; path = LoginView.swift; sourceTree = "<group>"; };
		739A921A2F27AE0F00D94E4A /* BaseView.swift */ = {isa = PBXFileReference; lastKnownFileType = sourcecode.swift; path = BaseView.swift; sourceTree = "<group>"; };
		739A921C2F27AE8C00D94E4A /* ToastManager.swift */ = {isa = PBXFileReference; lastKnownFileType = sourcecode.swift; path = ToastManager.swift; sourceTree = "<group>"; };
		739A921E2F27BD1A00D94E4A /* LoginViewModel.swift */ = {isa = PBXFileReference; lastKnownFileType = sourcecode.swift; path = LoginViewModel.swift; sourceTree = "<group>"; };
		73C501062F285A800093242A /* OneHomeView.swift */ = {isa = PBXFileReference; lastKnownFileType = sourcecode.swift; path = OneHomeView.swift; sourceTree = "<group>"; };
		73C501082F285A890093242A /* TwoHomeView.swift */ = {isa = PBXFileReference; lastKnownFileType = sourcecode.swift; path = TwoHomeView.swift; sourceTree = "<group>"; };
		73C5010A2F2865840093242A /* HomeViewModel.swift */ = {isa = PBXFileReference; lastKnownFileType = sourcecode.swift; path = HomeViewModel.swift; sourceTree = "<group>"; };
		73C5010C2F286CD90093242A /* HomRateView.swift */ = {isa = PBXFileReference; lastKnownFileType = sourcecode.swift; path = HomRateView.swift; sourceTree = "<group>"; };
		73C5010E2F287E8B0093242A /* MeCenterView.swift */ = {isa = PBXFileReference; lastKnownFileType = sourcecode.swift; path = MeCenterView.swift; sourceTree = "<group>"; };
		73EB77252F2883BA0058A81C /* CenterViewModel.swift */ = {isa = PBXFileReference; lastKnownFileType = sourcecode.swift; path = CenterViewModel.swift; sourceTree = "<group>"; };
		73EB77272F2885AB0058A81C /* CenterListView.swift */ = {isa = PBXFileReference; lastKnownFileType = sourcecode.swift; path = CenterListView.swift; sourceTree = "<group>"; };
		73EB77292F2890F30058A81C /* CenterClickListView.swift */ = {isa = PBXFileReference; lastKnownFileType = sourcecode.swift; path = CenterClickListView.swift; sourceTree = "<group>"; };
		73EB772B2F2896820058A81C /* AppHeadView.swift */ = {isa = PBXFileReference; lastKnownFileType = sourcecode.swift; path = AppHeadView.swift; sourceTree = "<group>"; };
		73EB77302F2898790058A81C /* SettingsViewController.swift */ = {isa = PBXFileReference; lastKnownFileType = sourcecode.swift; path = SettingsViewController.swift; sourceTree = "<group>"; };
		73EB77322F28A0520058A81C /* DeepLinkTarget.swift */ = {isa = PBXFileReference; lastKnownFileType = sourcecode.swift; path = DeepLinkTarget.swift; sourceTree = "<group>"; };
		D095250D029524EE4447247C /* Pods_Pinjaman.framework */ = {isa = PBXFileReference; explicitFileType = wrapper.framework; includeInIndex = 0; path = Pods_Pinjaman.framework; sourceTree = BUILT_PRODUCTS_DIR; };
/* End PBXFileReference section */

/* Begin PBXFrameworksBuildPhase section */
		73185ADE2F2744C2009C994E /* Frameworks */ = {
			isa = PBXFrameworksBuildPhase;
			buildActionMask = 2147483647;
			files = (
				5690D40520BC8634A23903F6 /* Pods_Pinjaman.framework in Frameworks */,
			);
			runOnlyForDeploymentPostprocessing = 0;
		};
/* End PBXFrameworksBuildPhase section */

/* Begin PBXGroup section */
		4D4739AB84526A708601A264 /* Frameworks */ = {
			isa = PBXGroup;
			children = (
				D095250D029524EE4447247C /* Pods_Pinjaman.framework */,
			);
			name = Frameworks;
			sourceTree = "<group>";
		};
		642A0A982B00F7B2A997C22C /* Pods */ = {
			isa = PBXGroup;
			children = (
				3E2E121427409E7B275A8B48 /* Pods-Pinjaman.debug.xcconfig */,
				4FC02256C0DE50AB12B9E226 /* Pods-Pinjaman.release.xcconfig */,
			);
			path = Pods;
			sourceTree = "<group>";
		};
		73185AD82F2744C2009C994E = {
			isa = PBXGroup;
			children = (
				73185B022F2744C8009C994E /* Pinjaman */,
				73185AE22F2744C2009C994E /* Products */,
				642A0A982B00F7B2A997C22C /* Pods */,
				4D4739AB84526A708601A264 /* Frameworks */,
			);
			sourceTree = "<group>";
		};
		73185AE22F2744C2009C994E /* Products */ = {
			isa = PBXGroup;
			children = (
				73185AE12F2744C2009C994E /* Pinjaman.app */,
			);
			name = Products;
			sourceTree = "<group>";
		};
		73185B022F2744C8009C994E /* Pinjaman */ = {
			isa = PBXGroup;
			children = (
				73185AFB2F2744C8009C994E /* Info.plist */,
				73185AFA2F2744C8009C994E /* Assets.xcassets */,
				73185AF92F2744C8009C994E /* AppDelegate.swift */,
				739A92132F27ACD700D94E4A /* Localizable.strings */,
				73185AFD2F2744C8009C994E /* LaunchScreen.storyboard */,
				73185B112F27456A009C994E /* Other */,
				73185B0F2F274569009C994E /* Product */,
				73185B0E2F274569009C994E /* Center */,
				73185B0D2F274568009C994E /* Order */,
				73185B0C2F274568009C994E /* Home */,
				73185B102F27456A009C994E /* Login */,
				73185B0B2F274567009C994E /* Http */,
				73185B0A2F274564009C994E /* Base */,
			);
			path = Pinjaman;
			sourceTree = "<group>";
		};
		73185B0A2F274564009C994E /* Base */ = {
			isa = PBXGroup;
			children = (
				739A921A2F27AE0F00D94E4A /* BaseView.swift */,
				739A92112F27ABF500D94E4A /* LanguageType.swift */,
				739A92032F27A3C300D94E4A /* StartViewModel.swift */,
				73185B132F2745A8009C994E /* BaseViewController.swift */,
				73185B152F2745DD009C994E /* BaseTabBarController.swift */,
				73185B172F2745FC009C994E /* BaseNavigationController.swift */,
				73185B192F274617009C994E /* StartViewController.swift */,
			);
			path = Base;
			sourceTree = "<group>";
		};
		73185B0B2F274567009C994E /* Http */ = {
			isa = PBXGroup;
			children = (
				739A91F72F279DF800D94E4A /* BaseModel.swift */,
				73185B1B2F274DBF009C994E /* NetworkMonitor.swift */,
				739A91F92F279ED900D94E4A /* NetworkManager.swift */,
			);
			path = Http;
			sourceTree = "<group>";
		};
		73185B0C2F274568009C994E /* Home */ = {
			isa = PBXGroup;
			children = (
				73C5010A2F2865840093242A /* HomeViewModel.swift */,
				73C501062F285A800093242A /* OneHomeView.swift */,
				73C501082F285A890093242A /* TwoHomeView.swift */,
				739A92052F27A77000D94E4A /* HomeViewController.swift */,
				73C5010C2F286CD90093242A /* HomRateView.swift */,
			);
			path = Home;
			sourceTree = "<group>";
		};
		73185B0D2F274568009C994E /* Order */ = {
			isa = PBXGroup;
			children = (
				739A92072F27A77800D94E4A /* OrderViewController.swift */,
			);
			path = Order;
			sourceTree = "<group>";
		};
		73185B0E2F274569009C994E /* Center */ = {
			isa = PBXGroup;
			children = (
				73EB772F2F2898300058A81C /* View */,
				73EB772E2F28982F0058A81C /* Controller */,
				73EB772D2F2898260058A81C /* ViewModel */,
			);
			path = Center;
			sourceTree = "<group>";
		};
		73185B0F2F274569009C994E /* Product */ = {
			isa = PBXGroup;
			children = (
			);
			path = Product;
			sourceTree = "<group>";
		};
		73185B102F27456A009C994E /* Login */ = {
			isa = PBXGroup;
			children = (
				739A92182F27AE0200D94E4A /* LoginView.swift */,
				739A921E2F27BD1A00D94E4A /* LoginViewModel.swift */,
				739A920B2F27AA7800D94E4A /* UserManager.swift */,
				739A920F2F27AAD600D94E4A /* LoginViewController.swift */,
			);
			path = Login;
			sourceTree = "<group>";
		};
		73185B112F27456A009C994E /* Other */ = {
			isa = PBXGroup;
			children = (
				73EB77322F28A0520058A81C /* DeepLinkTarget.swift */,
				739A921C2F27AE8C00D94E4A /* ToastManager.swift */,
				739A92012F27A3AB00D94E4A /* LoadingView.swift */,
				739A91FF2F27A10800D94E4A /* DeviceProfile.swift */,
				739A91FD2F27A0E800D94E4A /* SecurityVault.swift */,
				739A91FB2F27A04700D94E4A /* DeviceInspector.swift */,
				73EB772B2F2896820058A81C /* AppHeadView.swift */,
			);
			path = Other;
			sourceTree = "<group>";
		};
		73EB772D2F2898260058A81C /* ViewModel */ = {
			isa = PBXGroup;
			children = (
				73EB77252F2883BA0058A81C /* CenterViewModel.swift */,
			);
			path = ViewModel;
			sourceTree = "<group>";
		};
		73EB772E2F28982F0058A81C /* Controller */ = {
			isa = PBXGroup;
			children = (
				739A92092F27A78200D94E4A /* CenterViewController.swift */,
				73EB77302F2898790058A81C /* SettingsViewController.swift */,
			);
			path = Controller;
			sourceTree = "<group>";
		};
		73EB772F2F2898300058A81C /* View */ = {
			isa = PBXGroup;
			children = (
				73EB77272F2885AB0058A81C /* CenterListView.swift */,
				73C5010E2F287E8B0093242A /* MeCenterView.swift */,
				73EB77292F2890F30058A81C /* CenterClickListView.swift */,
			);
			path = View;
			sourceTree = "<group>";
		};
/* End PBXGroup section */

/* Begin PBXNativeTarget section */
		73185AE02F2744C2009C994E /* Pinjaman */ = {
			isa = PBXNativeTarget;
			buildConfigurationList = 73185AF42F2744C3009C994E /* Build configuration list for PBXNativeTarget "Pinjaman" */;
			buildPhases = (
				208E3B007B7B9A72A76C9878 /* [CP] Check Pods Manifest.lock */,
				73185ADD2F2744C2009C994E /* Sources */,
				73185ADE2F2744C2009C994E /* Frameworks */,
				73185ADF2F2744C2009C994E /* Resources */,
				8182355F925E91D603753CFB /* [CP] Embed Pods Frameworks */,
			);
			buildRules = (
			);
			dependencies = (
			);
			name = Pinjaman;
			productName = Pinjaman;
			productReference = 73185AE12F2744C2009C994E /* Pinjaman.app */;
			productType = "com.apple.product-type.application";
		};
/* End PBXNativeTarget section */

/* Begin PBXProject section */
		73185AD92F2744C2009C994E /* Project object */ = {
			isa = PBXProject;
			attributes = {
				BuildIndependentTargetsInParallel = 1;
				LastSwiftUpdateCheck = 2620;
				LastUpgradeCheck = 2620;
				TargetAttributes = {
					73185AE02F2744C2009C994E = {
						CreatedOnToolsVersion = 26.2;
					};
				};
			};
			buildConfigurationList = 73185ADC2F2744C2009C994E /* Build configuration list for PBXProject "Pinjaman" */;
			developmentRegion = en;
			hasScannedForEncodings = 0;
			knownRegions = (
				en,
				Base,
				id,
			);
			mainGroup = 73185AD82F2744C2009C994E;
			minimizedProjectReferenceProxies = 1;
			preferredProjectObjectVersion = 77;
			productRefGroup = 73185AE22F2744C2009C994E /* Products */;
			projectDirPath = "";
			projectRoot = "";
			targets = (
				73185AE02F2744C2009C994E /* Pinjaman */,
			);
		};
/* End PBXProject section */

/* Begin PBXResourcesBuildPhase section */
		73185ADF2F2744C2009C994E /* Resources */ = {
			isa = PBXResourcesBuildPhase;
			buildActionMask = 2147483647;
			files = (
				73185B062F2744C8009C994E /* Assets.xcassets in Resources */,
				739A92152F27ACD700D94E4A /* Localizable.strings in Resources */,
				73185B082F2744C8009C994E /* LaunchScreen.storyboard in Resources */,
			);
			runOnlyForDeploymentPostprocessing = 0;
		};
/* End PBXResourcesBuildPhase section */

/* Begin PBXShellScriptBuildPhase section */
		208E3B007B7B9A72A76C9878 /* [CP] Check Pods Manifest.lock */ = {
			isa = PBXShellScriptBuildPhase;
			buildActionMask = 2147483647;
			files = (
			);
			inputFileListPaths = (
			);
			inputPaths = (
				"${PODS_PODFILE_DIR_PATH}/Podfile.lock",
				"${PODS_ROOT}/Manifest.lock",
			);
			name = "[CP] Check Pods Manifest.lock";
			outputFileListPaths = (
			);
			outputPaths = (
				"$(DERIVED_FILE_DIR)/Pods-Pinjaman-checkManifestLockResult.txt",
			);
			runOnlyForDeploymentPostprocessing = 0;
			shellPath = /bin/sh;
			shellScript = "diff \"${PODS_PODFILE_DIR_PATH}/Podfile.lock\" \"${PODS_ROOT}/Manifest.lock\" > /dev/null\nif [ $? != 0 ] ; then\n    # print error to STDERR\n    echo \"error: The sandbox is not in sync with the Podfile.lock. Run 'pod install' or update your CocoaPods installation.\" >&2\n    exit 1\nfi\n# This output is used by Xcode 'outputs' to avoid re-running this script phase.\necho \"SUCCESS\" > \"${SCRIPT_OUTPUT_FILE_0}\"\n";
			showEnvVarsInLog = 0;
		};
		8182355F925E91D603753CFB /* [CP] Embed Pods Frameworks */ = {
			isa = PBXShellScriptBuildPhase;
			buildActionMask = 2147483647;
			files = (
			);
			inputFileListPaths = (
				"${PODS_ROOT}/Target Support Files/Pods-Pinjaman/Pods-Pinjaman-frameworks-${CONFIGURATION}-input-files.xcfilelist",
			);
			inputPaths = (
			);
			name = "[CP] Embed Pods Frameworks";
			outputFileListPaths = (
				"${PODS_ROOT}/Target Support Files/Pods-Pinjaman/Pods-Pinjaman-frameworks-${CONFIGURATION}-output-files.xcfilelist",
			);
			outputPaths = (
			);
			runOnlyForDeploymentPostprocessing = 0;
			shellPath = /bin/sh;
			shellScript = "\"${PODS_ROOT}/Target Support Files/Pods-Pinjaman/Pods-Pinjaman-frameworks.sh\"\n";
			showEnvVarsInLog = 0;
		};
/* End PBXShellScriptBuildPhase section */

/* Begin PBXSourcesBuildPhase section */
		73185ADD2F2744C2009C994E /* Sources */ = {
			isa = PBXSourcesBuildPhase;
			buildActionMask = 2147483647;
			files = (
				739A921F2F27BD1D00D94E4A /* LoginViewModel.swift in Sources */,
				739A92102F27AAD600D94E4A /* LoginViewController.swift in Sources */,
				73EB77312F2898790058A81C /* SettingsViewController.swift in Sources */,
				739A92122F27ABF500D94E4A /* LanguageType.swift in Sources */,
				73EB77332F28A0520058A81C /* DeepLinkTarget.swift in Sources */,
				739A92042F27A3CB00D94E4A /* StartViewModel.swift in Sources */,
				73185B1A2F274617009C994E /* StartViewController.swift in Sources */,
				73185B1C2F274DBF009C994E /* NetworkMonitor.swift in Sources */,
				739A921D2F27AE8C00D94E4A /* ToastManager.swift in Sources */,
				73EB772A2F2890F30058A81C /* CenterClickListView.swift in Sources */,
				739A91F82F279DFD00D94E4A /* BaseModel.swift in Sources */,
				73EB77262F2883C00058A81C /* CenterViewModel.swift in Sources */,
				739A91FC2F27A04700D94E4A /* DeviceInspector.swift in Sources */,
				739A920A2F27A78200D94E4A /* CenterViewController.swift in Sources */,
				73C501072F285A800093242A /* OneHomeView.swift in Sources */,
				73C5010D2F286CD90093242A /* HomRateView.swift in Sources */,
				739A92062F27A77000D94E4A /* HomeViewController.swift in Sources */,
				739A91FE2F27A0E800D94E4A /* SecurityVault.swift in Sources */,
				739A92022F27A3AB00D94E4A /* LoadingView.swift in Sources */,
				73185B182F2745FC009C994E /* BaseNavigationController.swift in Sources */,
				739A91FA2F279ED900D94E4A /* NetworkManager.swift in Sources */,
				739A92002F27A10800D94E4A /* DeviceProfile.swift in Sources */,
				739A92082F27A77800D94E4A /* OrderViewController.swift in Sources */,
				73185B032F2744C8009C994E /* AppDelegate.swift in Sources */,
				73C501092F285A890093242A /* TwoHomeView.swift in Sources */,
				73185B142F2745A8009C994E /* BaseViewController.swift in Sources */,
				73C5010B2F2865870093242A /* HomeViewModel.swift in Sources */,
				73185B162F2745DD009C994E /* BaseTabBarController.swift in Sources */,
				73EB772C2F2896820058A81C /* AppHeadView.swift in Sources */,
				739A921B2F27AE0F00D94E4A /* BaseView.swift in Sources */,
				739A92192F27AE0200D94E4A /* LoginView.swift in Sources */,
				739A920C2F27AA7800D94E4A /* UserManager.swift in Sources */,
				73C5010F2F287E8B0093242A /* MeCenterView.swift in Sources */,
				73EB77282F2885AB0058A81C /* CenterListView.swift in Sources */,
			);
			runOnlyForDeploymentPostprocessing = 0;
		};
/* End PBXSourcesBuildPhase section */

/* Begin PBXVariantGroup section */
		73185AFD2F2744C8009C994E /* LaunchScreen.storyboard */ = {
			isa = PBXVariantGroup;
			children = (
				73185AFC2F2744C8009C994E /* Base */,
				739A92162F27ACEB00D94E4A /* id */,
			);
			name = LaunchScreen.storyboard;
			sourceTree = "<group>";
		};
		739A92132F27ACD700D94E4A /* Localizable.strings */ = {
			isa = PBXVariantGroup;
			children = (
				739A92142F27ACD700D94E4A /* en */,
				739A92172F27ACEC00D94E4A /* id */,
			);
			name = Localizable.strings;
			sourceTree = "<group>";
		};
/* End PBXVariantGroup section */

/* Begin XCBuildConfiguration section */
		73185AF52F2744C3009C994E /* Debug */ = {
			isa = XCBuildConfiguration;
			baseConfigurationReference = 3E2E121427409E7B275A8B48 /* Pods-Pinjaman.debug.xcconfig */;
			buildSettings = {
				ASSETCATALOG_COMPILER_APPICON_NAME = AppIcon;
				ASSETCATALOG_COMPILER_GLOBAL_ACCENT_COLOR_NAME = AccentColor;
				CODE_SIGN_STYLE = Automatic;
				CURRENT_PROJECT_VERSION = 1;
				DEVELOPMENT_TEAM = 57MBH2272N;
				ENABLE_USER_SCRIPT_SANDBOXING = NO;
				GENERATE_INFOPLIST_FILE = YES;
				INFOPLIST_FILE = Pinjaman/Info.plist;
				INFOPLIST_KEY_CFBundleDisplayName = Pinjaman;
				INFOPLIST_KEY_UIApplicationSupportsIndirectInputEvents = YES;
				INFOPLIST_KEY_UILaunchStoryboardName = LaunchScreen;
				INFOPLIST_KEY_UISupportedInterfaceOrientations = UIInterfaceOrientationPortrait;
				INFOPLIST_KEY_UISupportedInterfaceOrientations_iPad = "UIInterfaceOrientationLandscapeLeft UIInterfaceOrientationLandscapeRight UIInterfaceOrientationPortrait UIInterfaceOrientationPortraitUpsideDown";
				IPHONEOS_DEPLOYMENT_TARGET = 14.0;
				LD_RUNPATH_SEARCH_PATHS = (
					"$(inherited)",
					"@executable_path/Frameworks",
				);
				MARKETING_VERSION = 1.0.0;
				PRODUCT_BUNDLE_IDENTIFIER = ok.zoom.loan;
				PRODUCT_NAME = "$(TARGET_NAME)";
				STRING_CATALOG_GENERATE_SYMBOLS = YES;
				SUPPORTED_PLATFORMS = "iphoneos iphonesimulator";
				SUPPORTS_MACCATALYST = NO;
				SUPPORTS_MAC_DESIGNED_FOR_IPHONE_IPAD = NO;
				SUPPORTS_XR_DESIGNED_FOR_IPHONE_IPAD = NO;
				SWIFT_APPROACHABLE_CONCURRENCY = YES;
				SWIFT_DEFAULT_ACTOR_ISOLATION = MainActor;
				SWIFT_EMIT_LOC_STRINGS = YES;
				SWIFT_UPCOMING_FEATURE_MEMBER_IMPORT_VISIBILITY = YES;
				SWIFT_VERSION = 5.0;
				TARGETED_DEVICE_FAMILY = 1;
			};
			name = Debug;
		};
		73185AF62F2744C3009C994E /* Release */ = {
			isa = XCBuildConfiguration;
			baseConfigurationReference = 4FC02256C0DE50AB12B9E226 /* Pods-Pinjaman.release.xcconfig */;
			buildSettings = {
				ASSETCATALOG_COMPILER_APPICON_NAME = AppIcon;
				ASSETCATALOG_COMPILER_GLOBAL_ACCENT_COLOR_NAME = AccentColor;
				CODE_SIGN_STYLE = Automatic;
				CURRENT_PROJECT_VERSION = 1;
				DEVELOPMENT_TEAM = 57MBH2272N;
				ENABLE_USER_SCRIPT_SANDBOXING = NO;
				GENERATE_INFOPLIST_FILE = YES;
				INFOPLIST_FILE = Pinjaman/Info.plist;
				INFOPLIST_KEY_CFBundleDisplayName = Pinjaman;
				INFOPLIST_KEY_UIApplicationSupportsIndirectInputEvents = YES;
				INFOPLIST_KEY_UILaunchStoryboardName = LaunchScreen;
				INFOPLIST_KEY_UISupportedInterfaceOrientations = UIInterfaceOrientationPortrait;
				INFOPLIST_KEY_UISupportedInterfaceOrientations_iPad = "UIInterfaceOrientationLandscapeLeft UIInterfaceOrientationLandscapeRight UIInterfaceOrientationPortrait UIInterfaceOrientationPortraitUpsideDown";
				IPHONEOS_DEPLOYMENT_TARGET = 14.0;
				LD_RUNPATH_SEARCH_PATHS = (
					"$(inherited)",
					"@executable_path/Frameworks",
				);
				MARKETING_VERSION = 1.0.0;
				PRODUCT_BUNDLE_IDENTIFIER = ok.zoom.loan;
				PRODUCT_NAME = "$(TARGET_NAME)";
				STRING_CATALOG_GENERATE_SYMBOLS = YES;
				SUPPORTED_PLATFORMS = "iphoneos iphonesimulator";
				SUPPORTS_MACCATALYST = NO;
				SUPPORTS_MAC_DESIGNED_FOR_IPHONE_IPAD = NO;
				SUPPORTS_XR_DESIGNED_FOR_IPHONE_IPAD = NO;
				SWIFT_APPROACHABLE_CONCURRENCY = YES;
				SWIFT_DEFAULT_ACTOR_ISOLATION = MainActor;
				SWIFT_EMIT_LOC_STRINGS = YES;
				SWIFT_UPCOMING_FEATURE_MEMBER_IMPORT_VISIBILITY = YES;
				SWIFT_VERSION = 5.0;
				TARGETED_DEVICE_FAMILY = 1;
			};
			name = Release;
		};
		73185AF72F2744C3009C994E /* Debug */ = {
			isa = XCBuildConfiguration;
			buildSettings = {
				ALWAYS_SEARCH_USER_PATHS = NO;
				ASSETCATALOG_COMPILER_GENERATE_SWIFT_ASSET_SYMBOL_EXTENSIONS = YES;
				CLANG_ANALYZER_LOCALIZABILITY_NONLOCALIZED = YES;
				CLANG_ANALYZER_NONNULL = YES;
				CLANG_ANALYZER_NUMBER_OBJECT_CONVERSION = YES_AGGRESSIVE;
				CLANG_CXX_LANGUAGE_STANDARD = "gnu++20";
				CLANG_ENABLE_MODULES = YES;
				CLANG_ENABLE_OBJC_ARC = YES;
				CLANG_ENABLE_OBJC_WEAK = YES;
				CLANG_WARN_BLOCK_CAPTURE_AUTORELEASING = YES;
				CLANG_WARN_BOOL_CONVERSION = YES;
				CLANG_WARN_COMMA = YES;
				CLANG_WARN_CONSTANT_CONVERSION = YES;
				CLANG_WARN_DEPRECATED_OBJC_IMPLEMENTATIONS = YES;
				CLANG_WARN_DIRECT_OBJC_ISA_USAGE = YES_ERROR;
				CLANG_WARN_DOCUMENTATION_COMMENTS = YES;
				CLANG_WARN_EMPTY_BODY = YES;
				CLANG_WARN_ENUM_CONVERSION = YES;
				CLANG_WARN_INFINITE_RECURSION = YES;
				CLANG_WARN_INT_CONVERSION = YES;
				CLANG_WARN_NON_LITERAL_NULL_CONVERSION = YES;
				CLANG_WARN_OBJC_IMPLICIT_RETAIN_SELF = YES;
				CLANG_WARN_OBJC_LITERAL_CONVERSION = YES;
				CLANG_WARN_OBJC_ROOT_CLASS = YES_ERROR;
				CLANG_WARN_QUOTED_INCLUDE_IN_FRAMEWORK_HEADER = YES;
				CLANG_WARN_RANGE_LOOP_ANALYSIS = YES;
				CLANG_WARN_STRICT_PROTOTYPES = YES;
				CLANG_WARN_SUSPICIOUS_MOVE = YES;
				CLANG_WARN_UNGUARDED_AVAILABILITY = YES_AGGRESSIVE;
				CLANG_WARN_UNREACHABLE_CODE = YES;
				CLANG_WARN__DUPLICATE_METHOD_MATCH = YES;
				COPY_PHASE_STRIP = NO;
				DEBUG_INFORMATION_FORMAT = dwarf;
				ENABLE_STRICT_OBJC_MSGSEND = YES;
				ENABLE_TESTABILITY = YES;
				ENABLE_USER_SCRIPT_SANDBOXING = YES;
				GCC_C_LANGUAGE_STANDARD = gnu17;
				GCC_DYNAMIC_NO_PIC = NO;
				GCC_NO_COMMON_BLOCKS = YES;
				GCC_OPTIMIZATION_LEVEL = 0;
				GCC_PREPROCESSOR_DEFINITIONS = (
					"DEBUG=1",
					"$(inherited)",
				);
				GCC_WARN_64_TO_32_BIT_CONVERSION = YES;
				GCC_WARN_ABOUT_RETURN_TYPE = YES_ERROR;
				GCC_WARN_UNDECLARED_SELECTOR = YES;
				GCC_WARN_UNINITIALIZED_AUTOS = YES_AGGRESSIVE;
				GCC_WARN_UNUSED_FUNCTION = YES;
				GCC_WARN_UNUSED_VARIABLE = YES;
				IPHONEOS_DEPLOYMENT_TARGET = 26.2;
				LOCALIZATION_PREFERS_STRING_CATALOGS = YES;
				MTL_ENABLE_DEBUG_INFO = INCLUDE_SOURCE;
				MTL_FAST_MATH = YES;
				ONLY_ACTIVE_ARCH = YES;
				SDKROOT = iphoneos;
				SWIFT_ACTIVE_COMPILATION_CONDITIONS = "DEBUG $(inherited)";
				SWIFT_OPTIMIZATION_LEVEL = "-Onone";
			};
			name = Debug;
		};
		73185AF82F2744C3009C994E /* Release */ = {
			isa = XCBuildConfiguration;
			buildSettings = {
				ALWAYS_SEARCH_USER_PATHS = NO;
				ASSETCATALOG_COMPILER_GENERATE_SWIFT_ASSET_SYMBOL_EXTENSIONS = YES;
				CLANG_ANALYZER_LOCALIZABILITY_NONLOCALIZED = YES;
				CLANG_ANALYZER_NONNULL = YES;
				CLANG_ANALYZER_NUMBER_OBJECT_CONVERSION = YES_AGGRESSIVE;
				CLANG_CXX_LANGUAGE_STANDARD = "gnu++20";
				CLANG_ENABLE_MODULES = YES;
				CLANG_ENABLE_OBJC_ARC = YES;
				CLANG_ENABLE_OBJC_WEAK = YES;
				CLANG_WARN_BLOCK_CAPTURE_AUTORELEASING = YES;
				CLANG_WARN_BOOL_CONVERSION = YES;
				CLANG_WARN_COMMA = YES;
				CLANG_WARN_CONSTANT_CONVERSION = YES;
				CLANG_WARN_DEPRECATED_OBJC_IMPLEMENTATIONS = YES;
				CLANG_WARN_DIRECT_OBJC_ISA_USAGE = YES_ERROR;
				CLANG_WARN_DOCUMENTATION_COMMENTS = YES;
				CLANG_WARN_EMPTY_BODY = YES;
				CLANG_WARN_ENUM_CONVERSION = YES;
				CLANG_WARN_INFINITE_RECURSION = YES;
				CLANG_WARN_INT_CONVERSION = YES;
				CLANG_WARN_NON_LITERAL_NULL_CONVERSION = YES;
				CLANG_WARN_OBJC_IMPLICIT_RETAIN_SELF = YES;
				CLANG_WARN_OBJC_LITERAL_CONVERSION = YES;
				CLANG_WARN_OBJC_ROOT_CLASS = YES_ERROR;
				CLANG_WARN_QUOTED_INCLUDE_IN_FRAMEWORK_HEADER = YES;
				CLANG_WARN_RANGE_LOOP_ANALYSIS = YES;
				CLANG_WARN_STRICT_PROTOTYPES = YES;
				CLANG_WARN_SUSPICIOUS_MOVE = YES;
				CLANG_WARN_UNGUARDED_AVAILABILITY = YES_AGGRESSIVE;
				CLANG_WARN_UNREACHABLE_CODE = YES;
				CLANG_WARN__DUPLICATE_METHOD_MATCH = YES;
				COPY_PHASE_STRIP = NO;
				DEBUG_INFORMATION_FORMAT = "dwarf-with-dsym";
				ENABLE_NS_ASSERTIONS = NO;
				ENABLE_STRICT_OBJC_MSGSEND = YES;
				ENABLE_USER_SCRIPT_SANDBOXING = YES;
				GCC_C_LANGUAGE_STANDARD = gnu17;
				GCC_NO_COMMON_BLOCKS = YES;
				GCC_WARN_64_TO_32_BIT_CONVERSION = YES;
				GCC_WARN_ABOUT_RETURN_TYPE = YES_ERROR;
				GCC_WARN_UNDECLARED_SELECTOR = YES;
				GCC_WARN_UNINITIALIZED_AUTOS = YES_AGGRESSIVE;
				GCC_WARN_UNUSED_FUNCTION = YES;
				GCC_WARN_UNUSED_VARIABLE = YES;
				IPHONEOS_DEPLOYMENT_TARGET = 26.2;
				LOCALIZATION_PREFERS_STRING_CATALOGS = YES;
				MTL_ENABLE_DEBUG_INFO = NO;
				MTL_FAST_MATH = YES;
				SDKROOT = iphoneos;
				SWIFT_COMPILATION_MODE = wholemodule;
				VALIDATE_PRODUCT = YES;
			};
			name = Release;
		};
/* End XCBuildConfiguration section */

/* Begin XCConfigurationList section */
		73185ADC2F2744C2009C994E /* Build configuration list for PBXProject "Pinjaman" */ = {
			isa = XCConfigurationList;
			buildConfigurations = (
				73185AF72F2744C3009C994E /* Debug */,
				73185AF82F2744C3009C994E /* Release */,
			);
			defaultConfigurationIsVisible = 0;
			defaultConfigurationName = Release;
		};
		73185AF42F2744C3009C994E /* Build configuration list for PBXNativeTarget "Pinjaman" */ = {
			isa = XCConfigurationList;
			buildConfigurations = (
				73185AF52F2744C3009C994E /* Debug */,
				73185AF62F2744C3009C994E /* Release */,
			);
			defaultConfigurationIsVisible = 0;
			defaultConfigurationName = Release;
		};
/* End XCConfigurationList section */
	};
	rootObject = 73185AD92F2744C2009C994E /* Project object */;
}
